
Microsoft Visual Studio Solution File, Format Version 12.00
# Visual Studio 2012
Project("{FAE04EC0-301F-11D3-BF4B-00C04F79EFBC}") = "Studienarbeit_Bildeditor", "Studienarbeit_Bildeditor\Studienarbeit_Bildeditor.csproj", "{0CB438C5-7EF2-43CE-B26E-32EFEFEF4629}"
EndProject
Global
	GlobalSection(SolutionConfigurationPlatforms) = preSolution
		Debug|Any CPU = Debug|Any CPU
		Release|Any CPU = Release|Any CPU
	EndGlobalSection
	GlobalSection(ProjectConfigurationPlatforms) = postSolution
		{0CB438C5-7EF2-43CE-B26E-32EFEFEF4629}.Debug|Any CPU.ActiveCfg = Debug|Any CPU
		{0CB438C5-7EF2-43CE-B26E-32EFEFEF4629}.Debug|Any CPU.Build.0 = Debug|Any CPU
		{0CB438C5-7EF2-43CE-B26E-32EFEFEF4629}.Release|Any CPU.ActiveCfg = Release|Any CPU
		{0CB438C5-7EF2-43CE-B26E-32EFEFEF4629}.Release|Any CPU.Build.0 = Release|Any CPU
	EndGlobalSection
	GlobalSection(SolutionProperties) = preSolution
		HideSolutionNode = FALSE
	EndGlobalSection
EndGlobal
